PODS:
  - JGProgressHUD (1.2.2)
  - libPhoneNumber-iOS (0.8.3)
  - Mixpanel (2.7.1):
    - Mixpanel/MPCategoryHelpers (= 2.7.1)
  - Mixpanel/MPCategoryHelpers (2.7.1)
  - NSDate+TimeAgo (1.0.3)
  - pop (1.0.7)
  - PXAlertView (0.1.1)
  - SCLAlertView-Objective-C (0.3.5)
  - StreamingKit (0.1.25)
  - SVPullToRefresh (0.4.1)
  - TheAmazingAudioEngine (1.4.5)
  - UAProgressView (0.1.1)
  - Waver (0.2.0)

DEPENDENCIES:
  - JGProgressHUD
  - libPhoneNumber-iOS (~> 0.7)
  - Mixpanel
  - NSDate+TimeAgo
  - pop (~> 1.0)
  - PXAlertView (~> 0.1.0)
  - SCLAlertView-Objective-C
  - StreamingKit
  - SVPullToRefresh
  - TheAmazingAudioEngine
  - UAProgressView
  - Waver (~> 0.2.0)

SPEC CHECKSUMS:
  JGProgressHUD: 7860357e1185cb665b92d5145f3dbbd1cd1db9db
  libPhoneNumber-iOS: da1768fbe05092df0d5b3cecd8194c5a9a2c5d4d
  Mixpanel: 2ffc3c261712622a5424f58c52af723d032a3add
  NSDate+TimeAgo: 416f55d2696d3744c313091c5a9280d47f8238fe
  pop: 628ffc631644601567ee8bfaaaea493ebd7d0923
  PXAlertView: bb8a7e6bb95f73fe3fe091cacd279b683460f084
  SCLAlertView-Objective-C: 3fe40ee1d2c1b641e2844083a776ae2a3f7cbeeb
  StreamingKit: f00c054cfd0f59d88c8be7a2270e208302ce48c4
  SVPullToRefresh: ba2e718695a43253d8bea6852d2960097dc15d8c
  TheAmazingAudioEngine: fd4eae0f90d3ecbc7ce83f3842f9ce0e04328f68
  UAProgressView: 9518e321a5d4173f66c225717db873322ec1f070
  Waver: 11130a66fbb0ec313ef6012cf0d9499c00d2a541

PODFILE CHECKSUM: 9c2987de912f41109c5b0afdf11a800d72db0962

COCOAPODS: 1.1.1
